
Microsoft Visual Studio Solution File, Format Version 12.00
# Visual Studio 15
Project("{FAE04EC0-301F-11D3-BF4B-00C04F79EFBC}") = "Assembly-CSharp", "Assembly-CSharp.csproj", "{FCE380AB-BDA2-9E68-C8CF-192D033BA935}"
EndProject
Global
	GlobalSection(SolutionConfigurationPlatforms) = preSolution
		Debug|Any CPU = Debug|Any CPU
		Release|Any CPU = Release|Any CPU
	EndGlobalSection
	GlobalSection(ProjectConfigurationPlatforms) = postSolution
		{FCE380AB-BDA2-9E68-C8CF-192D033BA935}.Debug|Any CPU.ActiveCfg = Debug|Any CPU
		{FCE380AB-BDA2-9E68-C8CF-192D033BA935}.Debug|Any CPU.Build.0 = Debug|Any CPU
		{FCE380AB-BDA2-9E68-C8CF-192D033BA935}.Release|Any CPU.ActiveCfg = Release|Any CPU
		{FCE380AB-BDA2-9E68-C8CF-192D033BA935}.Release|Any CPU.Build.0 = Release|Any CPU
	EndGlobalSection
	GlobalSection(SolutionProperties) = preSolution
		HideSolutionNode = FALSE
	EndGlobalSection
EndGlobal
